
Microsoft Visual Studio Solution File, Format Version 12.00
# Visual Studio Version 16
VisualStudioVersion = 16.0.30804.86
MinimumVisualStudioVersion = 10.0.40219.1
Project("{FAE04EC0-301F-11D3-BF4B-00C04F79EFBC}") = "Web.SelectGo", "Web.SelectGo.csproj", "{B403FFEF-C444-44DC-A387-972DC2D9FF60}"
EndProject
Global
	GlobalSection(SolutionConfigurationPlatforms) = preSolution
		Debug|Any CPU = Debug|Any CPU
		Release|Any CPU = Release|Any CPU
	EndGlobalSection
	GlobalSection(ProjectConfigurationPlatforms) = postSolution
		{B403FFEF-C444-44DC-A387-972DC2D9FF60}.Debug|Any CPU.ActiveCfg = Debug|Any CPU
		{B403FFEF-C444-44DC-A387-972DC2D9FF60}.Debug|Any CPU.Build.0 = Debug|Any CPU
		{B403FFEF-C444-44DC-A387-972DC2D9FF60}.Release|Any CPU.ActiveCfg = Release|Any CPU
		{B403FFEF-C444-44DC-A387-972DC2D9FF60}.Release|Any CPU.Build.0 = Release|Any CPU
	EndGlobalSection
	GlobalSection(SolutionProperties) = preSolution
		HideSolutionNode = FALSE
	EndGlobalSection
	GlobalSection(ExtensibilityGlobals) = postSolution
		SolutionGuid = {B3A087E8-B693-4218-9B79-18731BFBAD81}
	EndGlobalSection
EndGlobal
